
Microsoft Visual Studio Solution File, Format Version 12.00
# Visual Studio Version 17
VisualStudioVersion = 17.0.31912.275
MinimumVisualStudioVersion = 10.0.40219.1
Project("{FAE04EC0-301F-11D3-BF4B-00C04F79EFBC}") = "Program_6.2_", "Program_6.2_\Program_6.2_.csproj", "{802003E2-BE0A-4464-9436-6251E8AB0324}"
EndProject
Global
	GlobalSection(SolutionConfigurationPlatforms) = preSolution
		Debug|Any CPU = Debug|Any CPU
		Release|Any CPU = Release|Any CPU
	EndGlobalSection
	GlobalSection(ProjectConfigurationPlatforms) = postSolution
		{802003E2-BE0A-4464-9436-6251E8AB0324}.Debug|Any CPU.ActiveCfg = Debug|Any CPU
		{802003E2-BE0A-4464-9436-6251E8AB0324}.Debug|Any CPU.Build.0 = Debug|Any CPU
		{802003E2-BE0A-4464-9436-6251E8AB0324}.Release|Any CPU.ActiveCfg = Release|Any CPU
		{802003E2-BE0A-4464-9436-6251E8AB0324}.Release|Any CPU.Build.0 = Release|Any CPU
	EndGlobalSection
	GlobalSection(SolutionProperties) = preSolution
		HideSolutionNode = FALSE
	EndGlobalSection
	GlobalSection(ExtensibilityGlobals) = postSolution
		SolutionGuid = {96F87C8B-A28B-4FBD-8047-17FBB45C70CF}
	EndGlobalSection
EndGlobal
